
Microsoft Visual Studio Solution File, Format Version 12.00
# Visual Studio 15
VisualStudioVersion = 15.0.28010.2048
MinimumVisualStudioVersion = 10.0.40219.1
Project("{FAE04EC0-301F-11D3-BF4B-00C04F79EFBC}") = "ConsoleApp7", "ConsoleApp7\ConsoleApp7.csproj", "{C1601BD0-4F71-4BEF-B584-7738EB54F8F6}"
EndProject
Global
	GlobalSection(SolutionConfigurationPlatforms) = preSolution
		Debug|Any CPU = Debug|Any CPU
		Release|Any CPU = Release|Any CPU
	EndGlobalSection
	GlobalSection(ProjectConfigurationPlatforms) = postSolution
		{C1601BD0-4F71-4BEF-B584-7738EB54F8F6}.Debug|Any CPU.ActiveCfg = Debug|Any CPU
		{C1601BD0-4F71-4BEF-B584-7738EB54F8F6}.Debug|Any CPU.Build.0 = Debug|Any CPU
		{C1601BD0-4F71-4BEF-B584-7738EB54F8F6}.Release|Any CPU.ActiveCfg = Release|Any CPU
		{C1601BD0-4F71-4BEF-B584-7738EB54F8F6}.Release|Any CPU.Build.0 = Release|Any CPU
	EndGlobalSection
	GlobalSection(SolutionProperties) = preSolution
		HideSolutionNode = FALSE
	EndGlobalSection
	GlobalSection(ExtensibilityGlobals) = postSolution
		SolutionGuid = {46A8816C-B042-47D0-8756-72330207BDC4}
	EndGlobalSection
EndGlobal
